// !$*UTF8*$!
{
	archiveVersion = 1;
	classes = {
	};
	objectVersion = 56;
	objects = {

/* Begin PBXBuildFile section */
		F1E63966299FEFB4008D0367 /* AppDelegate.swift in Sources */ = {isa = PBXBuildFile; fileRef = F1E63965299FEFB4008D0367 /* AppDelegate.swift */; };
		F1E63968299FEFB4008D0367 /* SceneDelegate.swift in Sources */ = {isa = PBXBuildFile; fileRef = F1E63967299FEFB4008D0367 /* SceneDelegate.swift */; };
		F1E6396D299FEFB4008D0367 /* Main.storyboard in Resources */ = {isa = PBXBuildFile; fileRef = F1E6396B299FEFB4008D0367 /* Main.storyboard */; };
		F1E6396F299FEFB9008D0367 /* Assets.xcassets in Resources */ = {isa = PBXBuildFile; fileRef = F1E6396E299FEFB9008D0367 /* Assets.xcassets */; };
		F1E63972299FEFB9008D0367 /* LaunchScreen.storyboard in Resources */ = {isa = PBXBuildFile; fileRef = F1E63970299FEFB9008D0367 /* LaunchScreen.storyboard */; };
		F1E6397D29A0185C008D0367 /* MobileEnter.swift in Sources */ = {isa = PBXBuildFile; fileRef = F1E6397C29A0185C008D0367 /* MobileEnter.swift */; };
		F1EECBDB29A14C3C00D66169 /* VerificationCode.swift in Sources */ = {isa = PBXBuildFile; fileRef = F1EECBDA29A14C3C00D66169 /* VerificationCode.swift */; };
		F1EECBDD29A21E3800D66169 /* CreateProfile.swift in Sources */ = {isa = PBXBuildFile; fileRef = F1EECBDC29A21E3800D66169 /* CreateProfile.swift */; };
/* End PBXBuildFile section */

/* Begin PBXFileReference section */
		F1E63962299FEFB4008D0367 /* Happid.app */ = {isa = PBXFileReference; explicitFileType = wrapper.application; includeInIndex = 0; path = Happid.app; sourceTree = BUILT_PRODUCTS_DIR; };
		F1E63965299FEFB4008D0367 /* AppDelegate.swift */ = {isa = PBXFileReference; lastKnownFileType = sourcecode.swift; path = AppDelegate.swift; sourceTree = "<group>"; };
		F1E63967299FEFB4008D0367 /* SceneDelegate.swift */ = {isa = PBXFileReference; lastKnownFileType = sourcecode.swift; path = SceneDelegate.swift; sourceTree = "<group>"; };
		F1E6396C299FEFB4008D0367 /* Base */ = {isa = PBXFileReference; lastKnownFileType = file.storyboard; name = Base; path = Base.lproj/Main.storyboard; sourceTree = "<group>"; };
		F1E6396E299FEFB9008D0367 /* Assets.xcassets */ = {isa = PBXFileReference; lastKnownFileType = folder.assetcatalog; path = Assets.xcassets; sourceTree = "<group>"; };
		F1E63971299FEFB9008D0367 /* Base */ = {isa = PBXFileReference; lastKnownFileType = file.storyboard; name = Base; path = Base.lproj/LaunchScreen.storyboard; sourceTree = "<group>"; };
		F1E63973299FEFB9008D0367 /* Info.plist */ = {isa = PBXFileReference; lastKnownFileType = text.plist.xml; path = Info.plist; sourceTree = "<group>"; };
		F1E6397C29A0185C008D0367 /* MobileEnter.swift */ = {isa = PBXFileReference; lastKnownFileType = sourcecode.swift; path = MobileEnter.swift; sourceTree = "<group>"; };
		F1EECBDA29A14C3C00D66169 /* VerificationCode.swift */ = {isa = PBXFileReference; lastKnownFileType = sourcecode.swift; path = VerificationCode.swift; sourceTree = "<group>"; };
		F1EECBDC29A21E3800D66169 /* CreateProfile.swift */ = {isa = PBXFileReference; lastKnownFileType = sourcecode.swift; path = CreateProfile.swift; sourceTree = "<group>"; };
/* End PBXFileReference section */

/* Begin PBXFrameworksBuildPhase section */
		F1E6395F299FEFB4008D0367 /* Frameworks */ = {
			isa = PBXFrameworksBuildPhase;
			buildActionMask = 2147483647;
			files = (
			);
			runOnlyForDeploymentPostprocessing = 0;
		};
/* End PBXFrameworksBuildPhase section */

/* Begin PBXGroup section */
		F12E721A29A284E400D35F26 /* Views */ = {
			isa = PBXGroup;
			children = (
				F1E6396B299FEFB4008D0367 /* Main.storyboard */,
				F1E63970299FEFB9008D0367 /* LaunchScreen.storyboard */,
			);
			path = Views;
			sourceTree = "<group>";
		};
		F12E721B29A284FD00D35F26 /* Controllers */ = {
			isa = PBXGroup;
			children = (
				F12E721C29A2851400D35F26 /* Onboarding */,
			);
			path = Controllers;
			sourceTree = "<group>";
		};
		F12E721C29A2851400D35F26 /* Onboarding */ = {
			isa = PBXGroup;
			children = (
				F1EECBDC29A21E3800D66169 /* CreateProfile.swift */,
				F1E6397C29A0185C008D0367 /* MobileEnter.swift */,
				F1EECBDA29A14C3C00D66169 /* VerificationCode.swift */,
			);
			path = Onboarding;
			sourceTree = "<group>";
		};
		F12E721D29A2852A00D35F26 /* Resources */ = {
			isa = PBXGroup;
			children = (
				F1E6396E299FEFB9008D0367 /* Assets.xcassets */,
			);
			path = Resources;
			sourceTree = "<group>";
		};
		F1E63959299FEFB4008D0367 = {
			isa = PBXGroup;
			children = (
				F1E63964299FEFB4008D0367 /* Happid */,
				F1E63963299FEFB4008D0367 /* Products */,
			);
			sourceTree = "<group>";
		};
		F1E63963299FEFB4008D0367 /* Products */ = {
			isa = PBXGroup;
			children = (
				F1E63962299FEFB4008D0367 /* Happid.app */,
			);
			name = Products;
			sourceTree = "<group>";
		};
		F1E63964299FEFB4008D0367 /* Happid */ = {
			isa = PBXGroup;
			children = (
				F1E63979299FEFD4008D0367 /* Initializers */,
				F12E721B29A284FD00D35F26 /* Controllers */,
				F12E721A29A284E400D35F26 /* Views */,
				F12E721D29A2852A00D35F26 /* Resources */,
				F1E63973299FEFB9008D0367 /* Info.plist */,
			);
			path = Happid;
			sourceTree = "<group>";
		};
		F1E63979299FEFD4008D0367 /* Initializers */ = {
			isa = PBXGroup;
			children = (
				F1E63965299FEFB4008D0367 /* AppDelegate.swift */,
				F1E63967299FEFB4008D0367 /* SceneDelegate.swift */,
			);
			path = Initializers;
			sourceTree = "<group>";
		};
/* End PBXGroup section */

/* Begin PBXNativeTarget section */
		F1E63961299FEFB4008D0367 /* Happid */ = {
			isa = PBXNativeTarget;
			buildConfigurationList = F1E63976299FEFB9008D0367 /* Build configuration list for PBXNativeTarget "Happid" */;
			buildPhases = (
				F1E6395E299FEFB4008D0367 /* Sources */,
				F1E6395F299FEFB4008D0367 /* Frameworks */,
				F1E63960299FEFB4008D0367 /* Resources */,
			);
			buildRules = (
			);
			dependencies = (
			);
			name = Happid;
			packageProductDependencies = (
			);
			productName = Happid;
			productReference = F1E63962299FEFB4008D0367 /* Happid.app */;
			productType = "com.apple.product-type.application";
		};
/* End PBXNativeTarget section */

/* Begin PBXProject section */
		F1E6395A299FEFB4008D0367 /* Project object */ = {
			isa = PBXProject;
			attributes = {
				BuildIndependentTargetsInParallel = 1;
				LastSwiftUpdateCheck = 1420;
				LastUpgradeCheck = 1420;
				TargetAttributes = {
					F1E63961299FEFB4008D0367 = {
						CreatedOnToolsVersion = 14.2;
					};
				};
			};
			buildConfigurationList = F1E6395D299FEFB4008D0367 /* Build configuration list for PBXProject "Happid" */;
			compatibilityVersion = "Xcode 14.0";
			developmentRegion = en;
			hasScannedForEncodings = 0;
			knownRegions = (
				en,
				Base,
			);
			mainGroup = F1E63959299FEFB4008D0367;
			packageReferences = (
			);
			productRefGroup = F1E63963299FEFB4008D0367 /* Products */;
			projectDirPath = "";
			projectRoot = "";
			targets = (
				F1E63961299FEFB4008D0367 /* Happid */,
			);
		};
/* End PBXProject section */

/* Begin PBXResourcesBuildPhase section */
		F1E63960299FEFB4008D0367 /* Resources */ = {
			isa = PBXResourcesBuildPhase;
			buildActionMask = 2147483647;
			files = (
				F1E63972299FEFB9008D0367 /* LaunchScreen.storyboard in Resources */,
				F1E6396F299FEFB9008D0367 /* Assets.xcassets in Resources */,
				F1E6396D299FEFB4008D0367 /* Main.storyboard in Resources */,
			);
			runOnlyForDeploymentPostprocessing = 0;
		};
/* End PBXResourcesBuildPhase section */

/* Begin PBXSourcesBuildPhase section */
		F1E6395E299FEFB4008D0367 /* Sources */ = {
			isa = PBXSourcesBuildPhase;
			buildActionMask = 2147483647;
			files = (
				F1E6397D29A0185C008D0367 /* MobileEnter.swift in Sources */,
				F1E63966299FEFB4008D0367 /* AppDelegate.swift in Sources */,
				F1EECBDB29A14C3C00D66169 /* VerificationCode.swift in Sources */,
				F1EECBDD29A21E3800D66169 /* CreateProfile.swift in Sources */,
				F1E63968299FEFB4008D0367 /* SceneDelegate.swift in Sources */,
			);
			runOnlyForDeploymentPostprocessing = 0;
		};
/* End PBXSourcesBuildPhase section */

/* Begin PBXVariantGroup section */
		F1E6396B299FEFB4008D0367 /* Main.storyboard */ = {
			isa = PBXVariantGroup;
			children = (
				F1E6396C299FEFB4008D0367 /* Base */,
			);
			name = Main.storyboard;
			sourceTree = "<group>";
		};
		F1E63970299FEFB9008D0367 /* LaunchScreen.storyboard */ = {
			isa = PBXVariantGroup;
			children = (
				F1E63971299FEFB9008D0367 /* Base */,
			);
			name = LaunchScreen.storyboard;
			sourceTree = "<group>";
		};
/* End PBXVariantGroup section */

/* Begin XCBuildConfiguration section */
		F1E63974299FEFB9008D0367 /* Debug */ = {
			isa = XCBuildConfiguration;
			buildSettings = {
				ALWAYS_SEARCH_USER_PATHS = NO;
				CLANG_ANALYZER_NONNULL = YES;
				CLANG_ANALYZER_NUMBER_OBJECT_CONVERSION = YES_AGGRESSIVE;
				CLANG_CXX_LANGUAGE_STANDARD = "gnu++20";
				CLANG_ENABLE_MODULES = YES;
				CLANG_ENABLE_OBJC_ARC = YES;
				CLANG_ENABLE_OBJC_WEAK = YES;
				CLANG_WARN_BLOCK_CAPTURE_AUTORELEASING = YES;
				CLANG_WARN_BOOL_CONVERSION = YES;
				CLANG_WARN_COMMA = YES;
				CLANG_WARN_CONSTANT_CONVERSION = YES;
				CLANG_WARN_DEPRECATED_OBJC_IMPLEMENTATIONS = YES;
				CLANG_WARN_DIRECT_OBJC_ISA_USAGE = YES_ERROR;
				CLANG_WARN_DOCUMENTATION_COMMENTS = YES;
				CLANG_WARN_EMPTY_BODY = YES;
				CLANG_WARN_ENUM_CONVERSION = YES;
				CLANG_WARN_INFINITE_RECURSION = YES;
				CLANG_WARN_INT_CONVERSION = YES;
				CLANG_WARN_NON_LITERAL_NULL_CONVERSION = YES;
				CLANG_WARN_OBJC_IMPLICIT_RETAIN_SELF = YES;
				CLANG_WARN_OBJC_LITERAL_CONVERSION = YES;
				CLANG_WARN_OBJC_ROOT_CLASS = YES_ERROR;
				CLANG_WARN_QUOTED_INCLUDE_IN_FRAMEWORK_HEADER = YES;
				CLANG_WARN_RANGE_LOOP_ANALYSIS = YES;
				CLANG_WARN_STRICT_PROTOTYPES = YES;
				CLANG_WARN_SUSPICIOUS_MOVE = YES;
				CLANG_WARN_UNGUARDED_AVAILABILITY = YES_AGGRESSIVE;
				CLANG_WARN_UNREACHABLE_CODE = YES;
				CLANG_WARN__DUPLICATE_METHOD_MATCH = YES;
				COPY_PHASE_STRIP = NO;
				DEBUG_INFORMATION_FORMAT = dwarf;
				ENABLE_STRICT_OBJC_MSGSEND = YES;
				ENABLE_TESTABILITY = YES;
				GCC_C_LANGUAGE_STANDARD = gnu11;
				GCC_DYNAMIC_NO_PIC = NO;
				GCC_NO_COMMON_BLOCKS = YES;
				GCC_OPTIMIZATION_LEVEL = 0;
				GCC_PREPROCESSOR_DEFINITIONS = (
					"DEBUG=1",
					"$(inherited)",
				);
				GCC_WARN_64_TO_32_BIT_CONVERSION = YES;
				GCC_WARN_ABOUT_RETURN_TYPE = YES_ERROR;
				GCC_WARN_UNDECLARED_SELECTOR = YES;
				GCC_WARN_UNINITIALIZED_AUTOS = YES_AGGRESSIVE;
				GCC_WARN_UNUSED_FUNCTION = YES;
				GCC_WARN_UNUSED_VARIABLE = YES;
				IPHONEOS_DEPLOYMENT_TARGET = 16.2;
				MTL_ENABLE_DEBUG_INFO = INCLUDE_SOURCE;
				MTL_FAST_MATH = YES;
				ONLY_ACTIVE_ARCH = YES;
				SDKROOT = iphoneos;
				SWIFT_ACTIVE_COMPILATION_CONDITIONS = DEBUG;
				SWIFT_OPTIMIZATION_LEVEL = "-Onone";
			};
			name = Debug;
		};
		F1E63975299FEFB9008D0367 /* Release */ = {
			isa = XCBuildConfiguration;
			buildSettings = {
				ALWAYS_SEARCH_USER_PATHS = NO;
				CLANG_ANALYZER_NONNULL = YES;
				CLANG_ANALYZER_NUMBER_OBJECT_CONVERSION = YES_AGGRESSIVE;
				CLANG_CXX_LANGUAGE_STANDARD = "gnu++20";
				CLANG_ENABLE_MODULES = YES;
				CLANG_ENABLE_OBJC_ARC = YES;
				CLANG_ENABLE_OBJC_WEAK = YES;
				CLANG_WARN_BLOCK_CAPTURE_AUTORELEASING = YES;
				CLANG_WARN_BOOL_CONVERSION = YES;
				CLANG_WARN_COMMA = YES;
				CLANG_WARN_CONSTANT_CONVERSION = YES;
				CLANG_WARN_DEPRECATED_OBJC_IMPLEMENTATIONS = YES;
				CLANG_WARN_DIRECT_OBJC_ISA_USAGE = YES_ERROR;
				CLANG_WARN_DOCUMENTATION_COMMENTS = YES;
				CLANG_WARN_EMPTY_BODY = YES;
				CLANG_WARN_ENUM_CONVERSION = YES;
				CLANG_WARN_INFINITE_RECURSION = YES;
				CLANG_WARN_INT_CONVERSION = YES;
				CLANG_WARN_NON_LITERAL_NULL_CONVERSION = YES;
				CLANG_WARN_OBJC_IMPLICIT_RETAIN_SELF = YES;
				CLANG_WARN_OBJC_LITERAL_CONVERSION = YES;
				CLANG_WARN_OBJC_ROOT_CLASS = YES_ERROR;
				CLANG_WARN_QUOTED_INCLUDE_IN_FRAMEWORK_HEADER = YES;
				CLANG_WARN_RANGE_LOOP_ANALYSIS = YES;
				CLANG_WARN_STRICT_PROTOTYPES = YES;
				CLANG_WARN_SUSPICIOUS_MOVE = YES;
				CLANG_WARN_UNGUARDED_AVAILABILITY = YES_AGGRESSIVE;
				CLANG_WARN_UNREACHABLE_CODE = YES;
				CLANG_WARN__DUPLICATE_METHOD_MATCH = YES;
				COPY_PHASE_STRIP = NO;
				DEBUG_INFORMATION_FORMAT = "dwarf-with-dsym";
				ENABLE_NS_ASSERTIONS = NO;
				ENABLE_STRICT_OBJC_MSGSEND = YES;
				GCC_C_LANGUAGE_STANDARD = gnu11;
				GCC_NO_COMMON_BLOCKS = YES;
				GCC_WARN_64_TO_32_BIT_CONVERSION = YES;
				GCC_WARN_ABOUT_RETURN_TYPE = YES_ERROR;
				GCC_WARN_UNDECLARED_SELECTOR = YES;
				GCC_WARN_UNINITIALIZED_AUTOS = YES_AGGRESSIVE;
				GCC_WARN_UNUSED_FUNCTION = YES;
				GCC_WARN_UNUSED_VARIABLE = YES;
				IPHONEOS_DEPLOYMENT_TARGET = 16.2;
				MTL_ENABLE_DEBUG_INFO = NO;
				MTL_FAST_MATH = YES;
				SDKROOT = iphoneos;
				SWIFT_COMPILATION_MODE = wholemodule;
				SWIFT_OPTIMIZATION_LEVEL = "-O";
				VALIDATE_PRODUCT = YES;
			};
			name = Release;
		};
		F1E63977299FEFB9008D0367 /* Debug */ = {
			isa = XCBuildConfiguration;
			buildSettings = {
				ASSETCATALOG_COMPILER_APPICON_NAME = AppIcon;
				ASSETCATALOG_COMPILER_GLOBAL_ACCENT_COLOR_NAME = AccentColor;
				CODE_SIGN_STYLE = Automatic;
				CURRENT_PROJECT_VERSION = 1;
				DEVELOPMENT_TEAM = 9V2V87D3HV;
				GENERATE_INFOPLIST_FILE = YES;
				INFOPLIST_FILE = Happid/Info.plist;
				INFOPLIST_KEY_CFBundleDisplayName = Happid;
				INFOPLIST_KEY_UIApplicationSupportsIndirectInputEvents = YES;
				INFOPLIST_KEY_UILaunchStoryboardName = LaunchScreen;
				INFOPLIST_KEY_UIMainStoryboardFile = Main;
				INFOPLIST_KEY_UISupportedInterfaceOrientations = UIInterfaceOrientationPortrait;
				IPHONEOS_DEPLOYMENT_TARGET = 14.0;
				LD_RUNPATH_SEARCH_PATHS = (
					"$(inherited)",
					"@executable_path/Frameworks",
				);
				MARKETING_VERSION = 1.0;
				PRODUCT_BUNDLE_IDENTIFIER = com.anupambharti.Happid;
				PRODUCT_NAME = "$(TARGET_NAME)";
				SWIFT_EMIT_LOC_STRINGS = YES;
				SWIFT_VERSION = 5.0;
				TARGETED_DEVICE_FAMILY = "1,2";
			};
			name = Debug;
		};
		F1E63978299FEFB9008D0367 /* Release */ = {
			isa = XCBuildConfiguration;
			buildSettings = {
				ASSETCATALOG_COMPILER_APPICON_NAME = AppIcon;
				ASSETCATALOG_COMPILER_GLOBAL_ACCENT_COLOR_NAME = AccentColor;
				CODE_SIGN_STYLE = Automatic;
				CURRENT_PROJECT_VERSION = 1;
				DEVELOPMENT_TEAM = 9V2V87D3HV;
				GENERATE_INFOPLIST_FILE = YES;
				INFOPLIST_FILE = Happid/Info.plist;
				INFOPLIST_KEY_CFBundleDisplayName = Happid;
				INFOPLIST_KEY_UIApplicationSupportsIndirectInputEvents = YES;
				INFOPLIST_KEY_UILaunchStoryboardName = LaunchScreen;
				INFOPLIST_KEY_UIMainStoryboardFile = Main;
				INFOPLIST_KEY_UISupportedInterfaceOrientations = UIInterfaceOrientationPortrait;
				IPHONEOS_DEPLOYMENT_TARGET = 14.0;
				LD_RUNPATH_SEARCH_PATHS = (
					"$(inherited)",
					"@executable_path/Frameworks",
				);
				MARKETING_VERSION = 1.0;
				PRODUCT_BUNDLE_IDENTIFIER = com.anupambharti.Happid;
				PRODUCT_NAME = "$(TARGET_NAME)";
				SWIFT_EMIT_LOC_STRINGS = YES;
				SWIFT_VERSION = 5.0;
				TARGETED_DEVICE_FAMILY = "1,2";
			};
			name = Release;
		};
/* End XCBuildConfiguration section */

/* Begin XCConfigurationList section */
		F1E6395D299FEFB4008D0367 /* Build configuration list for PBXProject "Happid" */ = {
			isa = XCConfigurationList;
			buildConfigurations = (
				F1E63974299FEFB9008D0367 /* Debug */,
				F1E63975299FEFB9008D0367 /* Release */,
			);
			defaultConfigurationIsVisible = 0;
			defaultConfigurationName = Release;
		};
		F1E63976299FEFB9008D0367 /* Build configuration list for PBXNativeTarget "Happid" */ = {
			isa = XCConfigurationList;
			buildConfigurations = (
				F1E63977299FEFB9008D0367 /* Debug */,
				F1E63978299FEFB9008D0367 /* Release */,
			);
			defaultConfigurationIsVisible = 0;
			defaultConfigurationName = Release;
		};
/* End XCConfigurationList section */
	};
	rootObject = F1E6395A299FEFB4008D0367 /* Project object */;
}
